
Microsoft Visual Studio Solution File, Format Version 12.00
# Visual Studio Version 16
VisualStudioVersion = 16.0.30320.27
MinimumVisualStudioVersion = 10.0.40219.1
Project("{FAE04EC0-301F-11D3-BF4B-00C04F79EFBC}") = "ProjetClFonction", "ProjetClFonction\ProjetClFonction.csproj", "{3DC68189-6293-4731-8053-BB057E2AC026}"
EndProject
Global
	GlobalSection(SolutionConfigurationPlatforms) = preSolution
		Debug|Any CPU = Debug|Any CPU
		Release|Any CPU = Release|Any CPU
	EndGlobalSection
	GlobalSection(ProjectConfigurationPlatforms) = postSolution
		{3DC68189-6293-4731-8053-BB057E2AC026}.Debug|Any CPU.ActiveCfg = Debug|Any CPU
		{3DC68189-6293-4731-8053-BB057E2AC026}.Debug|Any CPU.Build.0 = Debug|Any CPU
		{3DC68189-6293-4731-8053-BB057E2AC026}.Release|Any CPU.ActiveCfg = Release|Any CPU
		{3DC68189-6293-4731-8053-BB057E2AC026}.Release|Any CPU.Build.0 = Release|Any CPU
	EndGlobalSection
	GlobalSection(SolutionProperties) = preSolution
		HideSolutionNode = FALSE
	EndGlobalSection
	GlobalSection(ExtensibilityGlobals) = postSolution
		SolutionGuid = {0B26BEE4-6A9E-48C6-B180-E23C9D61539D}
	EndGlobalSection
EndGlobal
